// !$*UTF8*$!
{
	archiveVersion = 1;
	classes = {
	};
	objectVersion = 50;
	objects = {

/* Begin PBXBuildFile section */
		F3B5C2BF2171AA95006C9C6A /* AppDelegate.swift in Sources */ = {isa = PBXBuildFile; fileRef = F3B5C2BE2171AA95006C9C6A /* AppDelegate.swift */; };
		F3B5C2C12171AA95006C9C6A /* ViewController.swift in Sources */ = {isa = PBXBuildFile; fileRef = F3B5C2C02171AA95006C9C6A /* ViewController.swift */; };
		F3B5C2C42171AA95006C9C6A /* Main.storyboard in Resources */ = {isa = PBXBuildFile; fileRef = F3B5C2C22171AA95006C9C6A /* Main.storyboard */; };
		F3B5C2C62171AA98006C9C6A /* Assets.xcassets in Resources */ = {isa = PBXBuildFile; fileRef = F3B5C2C52171AA98006C9C6A /* Assets.xcassets */; };
		F3B5C2C92171AA98006C9C6A /* LaunchScreen.storyboard in Resources */ = {isa = PBXBuildFile; fileRef = F3B5C2C72171AA98006C9C6A /* LaunchScreen.storyboard */; };
		F3F2DE34217D61C100152BE2 /* CreationViewController.swift in Sources */ = {isa = PBXBuildFile; fileRef = F3F2DE33217D61C100152BE2 /* CreationViewController.swift */; };
/* End PBXBuildFile section */

/* Begin PBXFileReference section */
		F3B5C2BB2171AA95006C9C6A /* FlashcardsMagic.app */ = {isa = PBXFileReference; explicitFileType = wrapper.application; includeInIndex = 0; path = FlashcardsMagic.app; sourceTree = BUILT_PRODUCTS_DIR; };
		F3B5C2BE2171AA95006C9C6A /* AppDelegate.swift */ = {isa = PBXFileReference; lastKnownFileType = sourcecode.swift; path = AppDelegate.swift; sourceTree = "<group>"; };
		F3B5C2C02171AA95006C9C6A /* ViewController.swift */ = {isa = PBXFileReference; lastKnownFileType = sourcecode.swift; path = ViewController.swift; sourceTree = "<group>"; };
		F3B5C2C32171AA95006C9C6A /* Base */ = {isa = PBXFileReference; lastKnownFileType = file.storyboard; name = Base; path = Base.lproj/Main.storyboard; sourceTree = "<group>"; };
		F3B5C2C52171AA98006C9C6A /* Assets.xcassets */ = {isa = PBXFileReference; lastKnownFileType = folder.assetcatalog; path = Assets.xcassets; sourceTree = "<group>"; };
		F3B5C2C82171AA98006C9C6A /* Base */ = {isa = PBXFileReference; lastKnownFileType = file.storyboard; name = Base; path = Base.lproj/LaunchScreen.storyboard; sourceTree = "<group>"; };
		F3B5C2CA2171AA98006C9C6A /* Info.plist */ = {isa = PBXFileReference; lastKnownFileType = text.plist.xml; path = Info.plist; sourceTree = "<group>"; };
		F3F2DE33217D61C100152BE2 /* CreationViewController.swift */ = {isa = PBXFileReference; lastKnownFileType = sourcecode.swift; path = CreationViewController.swift; sourceTree = "<group>"; };
/* End PBXFileReference section */

/* Begin PBXFrameworksBuildPhase section */
		F3B5C2B82171AA95006C9C6A /* Frameworks */ = {
			isa = PBXFrameworksBuildPhase;
			buildActionMask = 2147483647;
			files = (
			);
			runOnlyForDeploymentPostprocessing = 0;
		};
/* End PBXFrameworksBuildPhase section */

/* Begin PBXGroup section */
		F3B5C2B22171AA95006C9C6A = {
			isa = PBXGroup;
			children = (
				F3B5C2BD2171AA95006C9C6A /* FlashcardsMagic */,
				F3B5C2BC2171AA95006C9C6A /* Products */,
			);
			sourceTree = "<group>";
		};
		F3B5C2BC2171AA95006C9C6A /* Products */ = {
			isa = PBXGroup;
			children = (
				F3B5C2BB2171AA95006C9C6A /* FlashcardsMagic.app */,
			);
			name = Products;
			sourceTree = "<group>";
		};
		F3B5C2BD2171AA95006C9C6A /* FlashcardsMagic */ = {
			isa = PBXGroup;
			children = (
				F3B5C2BE2171AA95006C9C6A /* AppDelegate.swift */,
				F3B5C2C02171AA95006C9C6A /* ViewController.swift */,
				F3B5C2C22171AA95006C9C6A /* Main.storyboard */,
				F3F2DE33217D61C100152BE2 /* CreationViewController.swift */,
				F3B5C2C52171AA98006C9C6A /* Assets.xcassets */,
				F3B5C2C72171AA98006C9C6A /* LaunchScreen.storyboard */,
				F3B5C2CA2171AA98006C9C6A /* Info.plist */,
			);
			path = FlashcardsMagic;
			sourceTree = "<group>";
		};
/* End PBXGroup section */

/* Begin PBXNativeTarget section */
		F3B5C2BA2171AA95006C9C6A /* FlashcardsMagic */ = {
			isa = PBXNativeTarget;
			buildConfigurationList = F3B5C2CD2171AA98006C9C6A /* Build configuration list for PBXNativeTarget "FlashcardsMagic" */;
			buildPhases = (
				F3B5C2B72171AA95006C9C6A /* Sources */,
				F3B5C2B82171AA95006C9C6A /* Frameworks */,
				F3B5C2B92171AA95006C9C6A /* Resources */,
			);
			buildRules = (
			);
			dependencies = (
			);
			name = FlashcardsMagic;
			productName = FlashcardsMagic;
			productReference = F3B5C2BB2171AA95006C9C6A /* FlashcardsMagic.app */;
			productType = "com.apple.product-type.application";
		};
/* End PBXNativeTarget section */

/* Begin PBXProject section */
		F3B5C2B32171AA95006C9C6A /* Project object */ = {
			isa = PBXProject;
			attributes = {
				LastSwiftUpdateCheck = 1000;
				LastUpgradeCheck = 1000;
				ORGANIZATIONNAME = "Jessie Gross";
				TargetAttributes = {
					F3B5C2BA2171AA95006C9C6A = {
						CreatedOnToolsVersion = 10.0;
					};
				};
			};
			buildConfigurationList = F3B5C2B62171AA95006C9C6A /* Build configuration list for PBXProject "FlashcardsMagic" */;
			compatibilityVersion = "Xcode 9.3";
			developmentRegion = en;
			hasScannedForEncodings = 0;
			knownRegions = (
				en,
				Base,
			);
			mainGroup = F3B5C2B22171AA95006C9C6A;
			productRefGroup = F3B5C2BC2171AA95006C9C6A /* Products */;
			projectDirPath = "";
			projectRoot = "";
			targets = (
				F3B5C2BA2171AA95006C9C6A /* FlashcardsMagic */,
			);
		};
/* End PBXProject section */

/* Begin PBXResourcesBuildPhase section */
		F3B5C2B92171AA95006C9C6A /* Resources */ = {
			isa = PBXResourcesBuildPhase;
			buildActionMask = 2147483647;
			files = (
				F3B5C2C92171AA98006C9C6A /* LaunchScreen.storyboard in Resources */,
				F3B5C2C62171AA98006C9C6A /* Assets.xcassets in Resources */,
				F3B5C2C42171AA95006C9C6A /* Main.storyboard in Resources */,
			);
			runOnlyForDeploymentPostprocessing = 0;
		};
/* End PBXResourcesBuildPhase section */

/* Begin PBXSourcesBuildPhase section */
		F3B5C2B72171AA95006C9C6A /* Sources */ = {
			isa = PBXSourcesBuildPhase;
			buildActionMask = 2147483647;
			files = (
				F3B5C2C12171AA95006C9C6A /* ViewController.swift in Sources */,
				F3B5C2BF2171AA95006C9C6A /* AppDelegate.swift in Sources */,
				F3F2DE34217D61C100152BE2 /* CreationViewController.swift in Sources */,
			);
			runOnlyForDeploymentPostprocessing = 0;
		};
/* End PBXSourcesBuildPhase section */

/* Begin PBXVariantGroup section */
		F3B5C2C22171AA95006C9C6A /* Main.storyboard */ = {
			isa = PBXVariantGroup;
			children = (
				F3B5C2C32171AA95006C9C6A /* Base */,
			);
			name = Main.storyboard;
			sourceTree = "<group>";
		};
		F3B5C2C72171AA98006C9C6A /* LaunchScreen.storyboard */ = {
			isa = PBXVariantGroup;
			children = (
				F3B5C2C82171AA98006C9C6A /* Base */,
			);
			name = LaunchScreen.storyboard;
			sourceTree = "<group>";
		};
/* End PBXVariantGroup section */

/* Begin XCBuildConfiguration section */
		F3B5C2CB2171AA98006C9C6A /* Debug */ = {
			isa = XCBuildConfiguration;
			buildSettings = {
				ALWAYS_SEARCH_USER_PATHS = NO;
				CLANG_ANALYZER_NONNULL = YES;
				CLANG_ANALYZER_NUMBER_OBJECT_CONVERSION = YES_AGGRESSIVE;
				CLANG_CXX_LANGUAGE_STANDARD = "gnu++14";
				CLANG_CXX_LIBRARY = "libc++";
				CLANG_ENABLE_MODULES = YES;
				CLANG_ENABLE_OBJC_ARC = YES;
				CLANG_ENABLE_OBJC_WEAK = YES;
				CLANG_WARN_BLOCK_CAPTURE_AUTORELEASING = YES;
				CLANG_WARN_BOOL_CONVERSION = YES;
				CLANG_WARN_COMMA = YES;
				CLANG_WARN_CONSTANT_CONVERSION = YES;
				CLANG_WARN_DEPRECATED_OBJC_IMPLEMENTATIONS = YES;
				CLANG_WARN_DIRECT_OBJC_ISA_USAGE = YES_ERROR;
				CLANG_WARN_DOCUMENTATION_COMMENTS = YES;
				CLANG_WARN_EMPTY_BODY = YES;
				CLANG_WARN_ENUM_CONVERSION = YES;
				CLANG_WARN_INFINITE_RECURSION = YES;
				CLANG_WARN_INT_CONVERSION = YES;
				CLANG_WARN_NON_LITERAL_NULL_CONVERSION = YES;
				CLANG_WARN_OBJC_IMPLICIT_RETAIN_SELF = YES;
				CLANG_WARN_OBJC_LITERAL_CONVERSION = YES;
				CLANG_WARN_OBJC_ROOT_CLASS = YES_ERROR;
				CLANG_WARN_RANGE_LOOP_ANALYSIS = YES;
				CLANG_WARN_STRICT_PROTOTYPES = YES;
				CLANG_WARN_SUSPICIOUS_MOVE = YES;
				CLANG_WARN_UNGUARDED_AVAILABILITY = YES_AGGRESSIVE;
				CLANG_WARN_UNREACHABLE_CODE = YES;
				CLANG_WARN__DUPLICATE_METHOD_MATCH = YES;
				CODE_SIGN_IDENTITY = "iPhone Developer";
				COPY_PHASE_STRIP = NO;
				DEBUG_INFORMATION_FORMAT = dwarf;
				ENABLE_STRICT_OBJC_MSGSEND = YES;
				ENABLE_TESTABILITY = YES;
				GCC_C_LANGUAGE_STANDARD = gnu11;
				GCC_DYNAMIC_NO_PIC = NO;
				GCC_NO_COMMON_BLOCKS = YES;
				GCC_OPTIMIZATION_LEVEL = 0;
				GCC_PREPROCESSOR_DEFINITIONS = (
					"DEBUG=1",
					"$(inherited)",
				);
				GCC_WARN_64_TO_32_BIT_CONVERSION = YES;
				GCC_WARN_ABOUT_RETURN_TYPE = YES_ERROR;
				GCC_WARN_UNDECLARED_SELECTOR = YES;
				GCC_WARN_UNINITIALIZED_AUTOS = YES_AGGRESSIVE;
				GCC_WARN_UNUSED_FUNCTION = YES;
				GCC_WARN_UNUSED_VARIABLE = YES;
				IPHONEOS_DEPLOYMENT_TARGET = 12.0;
				MTL_ENABLE_DEBUG_INFO = INCLUDE_SOURCE;
				MTL_FAST_MATH = YES;
				ONLY_ACTIVE_ARCH = YES;
				SDKROOT = iphoneos;
				SWIFT_ACTIVE_COMPILATION_CONDITIONS = DEBUG;
				SWIFT_OPTIMIZATION_LEVEL = "-Onone";
			};
			name = Debug;
		};
		F3B5C2CC2171AA98006C9C6A /* Release */ = {
			isa = XCBuildConfiguration;
			buildSettings = {
				ALWAYS_SEARCH_USER_PATHS = NO;
				CLANG_ANALYZER_NONNULL = YES;
				CLANG_ANALYZER_NUMBER_OBJECT_CONVERSION = YES_AGGRESSIVE;
				CLANG_CXX_LANGUAGE_STANDARD = "gnu++14";
				CLANG_CXX_LIBRARY = "libc++";
				CLANG_ENABLE_MODULES = YES;
				CLANG_ENABLE_OBJC_ARC = YES;
				CLANG_ENABLE_OBJC_WEAK = YES;
				CLANG_WARN_BLOCK_CAPTURE_AUTORELEASING = YES;
				CLANG_WARN_BOOL_CONVERSION = YES;
				CLANG_WARN_COMMA = YES;
				CLANG_WARN_CONSTANT_CONVERSION = YES;
				CLANG_WARN_DEPRECATED_OBJC_IMPLEMENTATIONS = YES;
				CLANG_WARN_DIRECT_OBJC_ISA_USAGE = YES_ERROR;
				CLANG_WARN_DOCUMENTATION_COMMENTS = YES;
				CLANG_WARN_EMPTY_BODY = YES;
				CLANG_WARN_ENUM_CONVERSION = YES;
				CLANG_WARN_INFINITE_RECURSION = YES;
				CLANG_WARN_INT_CONVERSION = YES;
				CLANG_WARN_NON_LITERAL_NULL_CONVERSION = YES;
				CLANG_WARN_OBJC_IMPLICIT_RETAIN_SELF = YES;
				CLANG_WARN_OBJC_LITERAL_CONVERSION = YES;
				CLANG_WARN_OBJC_ROOT_CLASS = YES_ERROR;
				CLANG_WARN_RANGE_LOOP_ANALYSIS = YES;
				CLANG_WARN_STRICT_PROTOTYPES = YES;
				CLANG_WARN_SUSPICIOUS_MOVE = YES;
				CLANG_WARN_UNGUARDED_AVAILABILITY = YES_AGGRESSIVE;
				CLANG_WARN_UNREACHABLE_CODE = YES;
				CLANG_WARN__DUPLICATE_METHOD_MATCH = YES;
				CODE_SIGN_IDENTITY = "iPhone Developer";
				COPY_PHASE_STRIP = NO;
				DEBUG_INFORMATION_FORMAT = "dwarf-with-dsym";
				ENABLE_NS_ASSERTIONS = NO;
				ENABLE_STRICT_OBJC_MSGSEND = YES;
				GCC_C_LANGUAGE_STANDARD = gnu11;
				GCC_NO_COMMON_BLOCKS = YES;
				GCC_WARN_64_TO_32_BIT_CONVERSION = YES;
				GCC_WARN_ABOUT_RETURN_TYPE = YES_ERROR;
				GCC_WARN_UNDECLARED_SELECTOR = YES;
				GCC_WARN_UNINITIALIZED_AUTOS = YES_AGGRESSIVE;
				GCC_WARN_UNUSED_FUNCTION = YES;
				GCC_WARN_UNUSED_VARIABLE = YES;
				IPHONEOS_DEPLOYMENT_TARGET = 12.0;
				MTL_ENABLE_DEBUG_INFO = NO;
				MTL_FAST_MATH = YES;
				SDKROOT = iphoneos;
				SWIFT_COMPILATION_MODE = wholemodule;
				SWIFT_OPTIMIZATION_LEVEL = "-O";
				VALIDATE_PRODUCT = YES;
			};
			name = Release;
		};
		F3B5C2CE2171AA98006C9C6A /* Debug */ = {
			isa = XCBuildConfiguration;
			buildSettings = {
				ASSETCATALOG_COMPILER_APPICON_NAME = AppIcon;
				CODE_SIGN_STYLE = Automatic;
				DEVELOPMENT_TEAM = S3JRVSMD94;
				INFOPLIST_FILE = FlashcardsMagic/Info.plist;
				LD_RUNPATH_SEARCH_PATHS = (
					"$(inherited)",
					"@executable_path/Frameworks",
				);
				PRODUCT_BUNDLE_IDENTIFIER = com.JessieGross.FlashcardsMagic;
				PRODUCT_NAME = "$(TARGET_NAME)";
				SWIFT_VERSION = 4.2;
				TARGETED_DEVICE_FAMILY = "1,2";
			};
			name = Debug;
		};
		F3B5C2CF2171AA98006C9C6A /* Release */ = {
			isa = XCBuildConfiguration;
			buildSettings = {
				ASSETCATALOG_COMPILER_APPICON_NAME = AppIcon;
				CODE_SIGN_STYLE = Automatic;
				DEVELOPMENT_TEAM = S3JRVSMD94;
				INFOPLIST_FILE = FlashcardsMagic/Info.plist;
				LD_RUNPATH_SEARCH_PATHS = (
					"$(inherited)",
					"@executable_path/Frameworks",
				);
				PRODUCT_BUNDLE_IDENTIFIER = com.JessieGross.FlashcardsMagic;
				PRODUCT_NAME = "$(TARGET_NAME)";
				SWIFT_VERSION = 4.2;
				TARGETED_DEVICE_FAMILY = "1,2";
			};
			name = Release;
		};
/* End XCBuildConfiguration section */

/* Begin XCConfigurationList section */
		F3B5C2B62171AA95006C9C6A /* Build configuration list for PBXProject "FlashcardsMagic" */ = {
			isa = XCConfigurationList;
			buildConfigurations = (
				F3B5C2CB2171AA98006C9C6A /* Debug */,
				F3B5C2CC2171AA98006C9C6A /* Release */,
			);
			defaultConfigurationIsVisible = 0;
			defaultConfigurationName = Release;
		};
		F3B5C2CD2171AA98006C9C6A /* Build configuration list for PBXNativeTarget "FlashcardsMagic" */ = {
			isa = XCConfigurationList;
			buildConfigurations = (
				F3B5C2CE2171AA98006C9C6A /* Debug */,
				F3B5C2CF2171AA98006C9C6A /* Release */,
			);
			defaultConfigurationIsVisible = 0;
			defaultConfigurationName = Release;
		};
/* End XCConfigurationList section */
	};
	rootObject = F3B5C2B32171AA95006C9C6A /* Project object */;
}
